{
  "name": "static",
  "version": "1.0.0",
  "lockfileVersion": 1,
  "requires": true,
  "dependencies": {
    "abbrev": {
      "version": "1.1.1",
      "resolved": "https://registry.npmjs.org/abbrev/-/abbrev-1.1.1.tgz",
      "integrity": "sha512-nne9/IiQ/hzIhY6pdDnbBtz7DjPTKrY00P/zvPSm5pOFkl6xuGrGnXn/VtTNNfNtAfZ9/1RtehkszU9qcTii0Q=="
    },
    "diff": {
      "version": "5.0.0",
      "resolved": "https://registry.npmjs.org/diff/-/diff-5.0.0.tgz",
      "integrity": "sha512-/VTCrvm5Z0JGty/BWHljh+BAiw3IK+2j87NGMu8Nwc/f48WoDAC395uomO9ZD117ZOBaHmkX1oyLvkVM/aIT3w=="
    },
    "diff-compare": {
      "version": "1.0.2",
      "resolved": "https://registry.npmjs.org/diff-compare/-/diff-compare-1.0.2.tgz",
      "integrity": "sha1-Pg/k/g9ZGNBcTFx/ynJtSQQHsKs="
    },
    "diff2html": {
      "version": "3.4.15",
      "resolved": "https://registry.npmjs.org/diff2html/-/diff2html-3.4.15.tgz",
      "integrity": "sha512-DNzGoknNE1lIPJWkIYCszIe8PxXHrHl939WQX+Rzr8Q5l3ex8VyJjZCGKwzfMN6jiSyli7hNHyoApnz6prfZ3Q==",
      "requires": {
        "diff": "5.0.0",
        "highlight.js": "11.2.0",
        "hogan.js": "3.0.2"
      },
      "dependencies": {
        "highlight.js": {
          "version": "11.2.0",
          "resolved": "https://registry.npmjs.org/highlight.js/-/highlight.js-11.2.0.tgz",
          "integrity": "sha512-JOySjtOEcyG8s4MLR2MNbLUyaXqUunmSnL2kdV/KuGJOmHZuAR5xC54Ko7goAXBWNhf09Vy3B+U7vR62UZ/0iw==",
          "optional": true
        }
      }
    },
    "highlight.js": {
      "version": "10.7.3",
      "resolved": "https://registry.npmjs.org/highlight.js/-/highlight.js-10.7.3.tgz",
      "integrity": "sha512-tzcUFauisWKNHaRkN4Wjl/ZA07gENAjFl3J/c480dprkGTg5EQstgaNFqBfUqCq54kZRIEcreTsAgF/m2quD7A=="
    },
    "hogan.js": {
      "version": "3.0.2",
      "resolved": "https://registry.npmjs.org/hogan.js/-/hogan.js-3.0.2.tgz",
      "integrity": "sha1-TNnhq9QpQUbnZ55B14mHMrAse/0=",
      "requires": {
        "mkdirp": "0.3.0",
        "nopt": "1.0.10"
      }
    },
    "mkdirp": {
      "version": "0.3.0",
      "resolved": "https://registry.npmjs.org/mkdirp/-/mkdirp-0.3.0.tgz",
      "integrity": "sha1-G79asbqCevI1dRQ0kEJkVfSB/h4="
    },
    "nopt": {
      "version": "1.0.10",
      "resolved": "https://registry.npmjs.org/nopt/-/nopt-1.0.10.tgz",
      "integrity": "sha1-bd0hvSoxQXuScn3Vhfim83YI6+4=",
      "requires": {
        "abbrev": "1"
      }
    },
    "v-code-diff": {
      "version": "0.3.8",
      "resolved": "https://registry.npmjs.org/v-code-diff/-/v-code-diff-0.3.8.tgz",
      "integrity": "sha512-rE1RvZt40lFXqtoUPeOnE3ygxLzgjCddG+/4afsUw463v6jQcGqy8gsbt/8AkLr+ieAzWhlmRXEbTfvktrWjGw==",
      "requires": {
        "diff": "^5.0.0",
        "diff2html": "^3.4.5",
        "highlight.js": "^10.5.0",
        "vue-demi": "^0.12.1"
      }
    },
    "vue-demi": {
      "version": "0.12.1",
      "resolved": "https://registry.npmjs.org/vue-demi/-/vue-demi-0.12.1.tgz",
      "integrity": "sha512-QL3ny+wX8c6Xm1/EZylbgzdoDolye+VpCXRhI2hug9dJTP3OUJ3lmiKN3CsVV3mOJKwFi0nsstbgob0vG7aoIw=="
    }
  }
}
